
Microsoft Visual Studio Solution File, Format Version 12.00
# Visual Studio Version 17
VisualStudioVersion = 17.13.35919.96
MinimumVisualStudioVersion = 10.0.40219.1
Project("{FAE04EC0-301F-11D3-BF4B-00C04F79EFBC}") = "PDFPassRecovery", "PDFPassRecovery.csproj", "{93309275-1ABD-4B00-8F5A-D78D028A6E7A}"
EndProject
Project("{FAE04EC0-301F-11D3-BF4B-00C04F79EFBC}") = "PDFPassRecovery.UnitTests", "PDFPassRecoverUnitTests\PDFPassRecovery.UnitTests.csproj", "{E97EE535-F130-4C48-BB72-C3D87797F084}"
EndProject
Project("{FAE04EC0-301F-11D3-BF4B-00C04F79EFBC}") = "PDFPassRecovery.Benchmark", "PDFPassRecover.Benchmark\PDFPassRecovery.Benchmark.csproj", "{EC45DCEE-51F8-4B74-BD43-AA16B52213E7}"
EndProject
Global
	GlobalSection(SolutionConfigurationPlatforms) = preSolution
		Debug|Any CPU = Debug|Any CPU
		Debug|x64 = Debug|x64
		Release|Any CPU = Release|Any CPU
		Release|x64 = Release|x64
	EndGlobalSection
	GlobalSection(ProjectConfigurationPlatforms) = postSolution
		{93309275-1ABD-4B00-8F5A-D78D028A6E7A}.Debug|Any CPU.ActiveCfg = Debug|Any CPU
		{93309275-1ABD-4B00-8F5A-D78D028A6E7A}.Debug|Any CPU.Build.0 = Debug|Any CPU
		{93309275-1ABD-4B00-8F5A-D78D028A6E7A}.Debug|x64.ActiveCfg = Debug|x64
		{93309275-1ABD-4B00-8F5A-D78D028A6E7A}.Debug|x64.Build.0 = Debug|x64
		{93309275-1ABD-4B00-8F5A-D78D028A6E7A}.Release|Any CPU.ActiveCfg = Release|Any CPU
		{93309275-1ABD-4B00-8F5A-D78D028A6E7A}.Release|Any CPU.Build.0 = Release|Any CPU
		{93309275-1ABD-4B00-8F5A-D78D028A6E7A}.Release|x64.ActiveCfg = Release|x64
		{93309275-1ABD-4B00-8F5A-D78D028A6E7A}.Release|x64.Build.0 = Release|x64
		{E97EE535-F130-4C48-BB72-C3D87797F084}.Debug|Any CPU.ActiveCfg = Debug|Any CPU
		{E97EE535-F130-4C48-BB72-C3D87797F084}.Debug|Any CPU.Build.0 = Debug|Any CPU
		{E97EE535-F130-4C48-BB72-C3D87797F084}.Debug|x64.ActiveCfg = Debug|Any CPU
		{E97EE535-F130-4C48-BB72-C3D87797F084}.Debug|x64.Build.0 = Debug|Any CPU
		{E97EE535-F130-4C48-BB72-C3D87797F084}.Release|Any CPU.ActiveCfg = Release|Any CPU
		{E97EE535-F130-4C48-BB72-C3D87797F084}.Release|Any CPU.Build.0 = Release|Any CPU
		{E97EE535-F130-4C48-BB72-C3D87797F084}.Release|x64.ActiveCfg = Release|x64
		{E97EE535-F130-4C48-BB72-C3D87797F084}.Release|x64.Build.0 = Release|x64
		{EC45DCEE-51F8-4B74-BD43-AA16B52213E7}.Debug|Any CPU.ActiveCfg = Debug|Any CPU
		{EC45DCEE-51F8-4B74-BD43-AA16B52213E7}.Debug|Any CPU.Build.0 = Debug|Any CPU
		{EC45DCEE-51F8-4B74-BD43-AA16B52213E7}.Debug|x64.ActiveCfg = Debug|x64
		{EC45DCEE-51F8-4B74-BD43-AA16B52213E7}.Debug|x64.Build.0 = Debug|x64
		{EC45DCEE-51F8-4B74-BD43-AA16B52213E7}.Release|Any CPU.ActiveCfg = Release|Any CPU
		{EC45DCEE-51F8-4B74-BD43-AA16B52213E7}.Release|Any CPU.Build.0 = Release|Any CPU
		{EC45DCEE-51F8-4B74-BD43-AA16B52213E7}.Release|x64.ActiveCfg = Release|x64
		{EC45DCEE-51F8-4B74-BD43-AA16B52213E7}.Release|x64.Build.0 = Release|x64
	EndGlobalSection
	GlobalSection(SolutionProperties) = preSolution
		HideSolutionNode = FALSE
	EndGlobalSection
	GlobalSection(ExtensibilityGlobals) = postSolution
		SolutionGuid = {7C962DC0-2539-452D-8CCB-C9055D2F9700}
	EndGlobalSection
EndGlobal
